// !$*UTF8*$!
{
	archiveVersion = 1;
	classes = {
	};
	objectVersion = 50;
	objects = {

/* Begin PBXBuildFile section */
		6A0EC47B255EED1200D3AA5A /* ViewControllerTimer.swift in Sources */ = {isa = PBXBuildFile; fileRef = 6A0EC47A255EED1200D3AA5A /* ViewControllerTimer.swift */; };
		6A0EC47D255FC6ED00D3AA5A /* TimeFormatter.swift in Sources */ = {isa = PBXBuildFile; fileRef = 6A0EC47C255FC6ED00D3AA5A /* TimeFormatter.swift */; };
		6A8ABE31255FEC6000AED83A /* ViewControllerRounds.swift in Sources */ = {isa = PBXBuildFile; fileRef = 6A8ABE30255FEC6000AED83A /* ViewControllerRounds.swift */; };
		6A8ABE332560227C00AED83A /* PickerTimeOfRest.swift in Sources */ = {isa = PBXBuildFile; fileRef = 6A8ABE322560227C00AED83A /* PickerTimeOfRest.swift */; };
		6AD042D5255DB6570093FD13 /* AppDelegate.swift in Sources */ = {isa = PBXBuildFile; fileRef = 6AD042D4255DB6570093FD13 /* AppDelegate.swift */; };
		6AD042D7255DB6570093FD13 /* SceneDelegate.swift in Sources */ = {isa = PBXBuildFile; fileRef = 6AD042D6255DB6570093FD13 /* SceneDelegate.swift */; };
		6AD042D9255DB6570093FD13 /* ViewControllerStopwatch.swift in Sources */ = {isa = PBXBuildFile; fileRef = 6AD042D8255DB6570093FD13 /* ViewControllerStopwatch.swift */; };
		6AD042DC255DB6570093FD13 /* Main.storyboard in Resources */ = {isa = PBXBuildFile; fileRef = 6AD042DA255DB6570093FD13 /* Main.storyboard */; };
		6AD042DE255DB65B0093FD13 /* Assets.xcassets in Resources */ = {isa = PBXBuildFile; fileRef = 6AD042DD255DB65B0093FD13 /* Assets.xcassets */; };
		6AD042E1255DB65B0093FD13 /* LaunchScreen.storyboard in Resources */ = {isa = PBXBuildFile; fileRef = 6AD042DF255DB65B0093FD13 /* LaunchScreen.storyboard */; };
/* End PBXBuildFile section */

/* Begin PBXFileReference section */
		6A0EC47A255EED1200D3AA5A /* ViewControllerTimer.swift */ = {isa = PBXFileReference; lastKnownFileType = sourcecode.swift; path = ViewControllerTimer.swift; sourceTree = "<group>"; };
		6A0EC47C255FC6ED00D3AA5A /* TimeFormatter.swift */ = {isa = PBXFileReference; lastKnownFileType = sourcecode.swift; path = TimeFormatter.swift; sourceTree = "<group>"; };
		6A8ABE30255FEC6000AED83A /* ViewControllerRounds.swift */ = {isa = PBXFileReference; lastKnownFileType = sourcecode.swift; path = ViewControllerRounds.swift; sourceTree = "<group>"; };
		6A8ABE322560227C00AED83A /* PickerTimeOfRest.swift */ = {isa = PBXFileReference; lastKnownFileType = sourcecode.swift; path = PickerTimeOfRest.swift; sourceTree = "<group>"; };
		6AD042D1255DB6570093FD13 /* Timer.app */ = {isa = PBXFileReference; explicitFileType = wrapper.application; includeInIndex = 0; path = Timer.app; sourceTree = BUILT_PRODUCTS_DIR; };
		6AD042D4255DB6570093FD13 /* AppDelegate.swift */ = {isa = PBXFileReference; lastKnownFileType = sourcecode.swift; path = AppDelegate.swift; sourceTree = "<group>"; };
		6AD042D6255DB6570093FD13 /* SceneDelegate.swift */ = {isa = PBXFileReference; lastKnownFileType = sourcecode.swift; path = SceneDelegate.swift; sourceTree = "<group>"; };
		6AD042D8255DB6570093FD13 /* ViewControllerStopwatch.swift */ = {isa = PBXFileReference; lastKnownFileType = sourcecode.swift; path = ViewControllerStopwatch.swift; sourceTree = "<group>"; };
		6AD042DB255DB6570093FD13 /* Base */ = {isa = PBXFileReference; lastKnownFileType = file.storyboard; name = Base; path = Base.lproj/Main.storyboard; sourceTree = "<group>"; };
		6AD042DD255DB65B0093FD13 /* Assets.xcassets */ = {isa = PBXFileReference; lastKnownFileType = folder.assetcatalog; path = Assets.xcassets; sourceTree = "<group>"; };
		6AD042E0255DB65B0093FD13 /* Base */ = {isa = PBXFileReference; lastKnownFileType = file.storyboard; name = Base; path = Base.lproj/LaunchScreen.storyboard; sourceTree = "<group>"; };
		6AD042E2255DB65B0093FD13 /* Info.plist */ = {isa = PBXFileReference; lastKnownFileType = text.plist.xml; path = Info.plist; sourceTree = "<group>"; };
/* End PBXFileReference section */

/* Begin PBXFrameworksBuildPhase section */
		6AD042CE255DB6570093FD13 /* Frameworks */ = {
			isa = PBXFrameworksBuildPhase;
			buildActionMask = 2147483647;
			files = (
			);
			runOnlyForDeploymentPostprocessing = 0;
		};
/* End PBXFrameworksBuildPhase section */

/* Begin PBXGroup section */
		6A8FCD8B256154D600F3A13B /* Stopwatch */ = {
			isa = PBXGroup;
			children = (
				6AD042D8255DB6570093FD13 /* ViewControllerStopwatch.swift */,
			);
			path = Stopwatch;
			sourceTree = "<group>";
		};
		6A8FCD8C256154F600F3A13B /* Timer */ = {
			isa = PBXGroup;
			children = (
				6A0EC47A255EED1200D3AA5A /* ViewControllerTimer.swift */,
				6A8ABE30255FEC6000AED83A /* ViewControllerRounds.swift */,
			);
			path = Timer;
			sourceTree = "<group>";
		};
		6AD042C8255DB6570093FD13 = {
			isa = PBXGroup;
			children = (
				6AD042D3255DB6570093FD13 /* Timer */,
				6AD042D2255DB6570093FD13 /* Products */,
			);
			sourceTree = "<group>";
		};
		6AD042D2255DB6570093FD13 /* Products */ = {
			isa = PBXGroup;
			children = (
				6AD042D1255DB6570093FD13 /* Timer.app */,
			);
			name = Products;
			sourceTree = "<group>";
		};
		6AD042D3255DB6570093FD13 /* Timer */ = {
			isa = PBXGroup;
			children = (
				6AD042D4255DB6570093FD13 /* AppDelegate.swift */,
				6AD042D6255DB6570093FD13 /* SceneDelegate.swift */,
				6A8FCD8B256154D600F3A13B /* Stopwatch */,
				6A8FCD8C256154F600F3A13B /* Timer */,
				6A0EC47C255FC6ED00D3AA5A /* TimeFormatter.swift */,
				6A8ABE322560227C00AED83A /* PickerTimeOfRest.swift */,
				6AD042DA255DB6570093FD13 /* Main.storyboard */,
				6AD042DD255DB65B0093FD13 /* Assets.xcassets */,
				6AD042DF255DB65B0093FD13 /* LaunchScreen.storyboard */,
				6AD042E2255DB65B0093FD13 /* Info.plist */,
			);
			path = Timer;
			sourceTree = "<group>";
		};
/* End PBXGroup section */

/* Begin PBXNativeTarget section */
		6AD042D0255DB6570093FD13 /* Timer */ = {
			isa = PBXNativeTarget;
			buildConfigurationList = 6AD042E5255DB65B0093FD13 /* Build configuration list for PBXNativeTarget "Timer" */;
			buildPhases = (
				6AD042CD255DB6570093FD13 /* Sources */,
				6AD042CE255DB6570093FD13 /* Frameworks */,
				6AD042CF255DB6570093FD13 /* Resources */,
			);
			buildRules = (
			);
			dependencies = (
			);
			name = Timer;
			productName = Timer;
			productReference = 6AD042D1255DB6570093FD13 /* Timer.app */;
			productType = "com.apple.product-type.application";
		};
/* End PBXNativeTarget section */

/* Begin PBXProject section */
		6AD042C9255DB6570093FD13 /* Project object */ = {
			isa = PBXProject;
			attributes = {
				LastSwiftUpdateCheck = 1150;
				LastUpgradeCheck = 1150;
				ORGANIZATIONNAME = cladendas;
				TargetAttributes = {
					6AD042D0255DB6570093FD13 = {
						CreatedOnToolsVersion = 11.5;
					};
				};
			};
			buildConfigurationList = 6AD042CC255DB6570093FD13 /* Build configuration list for PBXProject "Timer" */;
			compatibilityVersion = "Xcode 9.3";
			developmentRegion = en;
			hasScannedForEncodings = 0;
			knownRegions = (
				en,
				Base,
			);
			mainGroup = 6AD042C8255DB6570093FD13;
			productRefGroup = 6AD042D2255DB6570093FD13 /* Products */;
			projectDirPath = "";
			projectRoot = "";
			targets = (
				6AD042D0255DB6570093FD13 /* Timer */,
			);
		};
/* End PBXProject section */

/* Begin PBXResourcesBuildPhase section */
		6AD042CF255DB6570093FD13 /* Resources */ = {
			isa = PBXResourcesBuildPhase;
			buildActionMask = 2147483647;
			files = (
				6AD042E1255DB65B0093FD13 /* LaunchScreen.storyboard in Resources */,
				6AD042DE255DB65B0093FD13 /* Assets.xcassets in Resources */,
				6AD042DC255DB6570093FD13 /* Main.storyboard in Resources */,
			);
			runOnlyForDeploymentPostprocessing = 0;
		};
/* End PBXResourcesBuildPhase section */

/* Begin PBXSourcesBuildPhase section */
		6AD042CD255DB6570093FD13 /* Sources */ = {
			isa = PBXSourcesBuildPhase;
			buildActionMask = 2147483647;
			files = (
				6A0EC47B255EED1200D3AA5A /* ViewControllerTimer.swift in Sources */,
				6AD042D9255DB6570093FD13 /* ViewControllerStopwatch.swift in Sources */,
				6AD042D5255DB6570093FD13 /* AppDelegate.swift in Sources */,
				6A8ABE31255FEC6000AED83A /* ViewControllerRounds.swift in Sources */,
				6A8ABE332560227C00AED83A /* PickerTimeOfRest.swift in Sources */,
				6A0EC47D255FC6ED00D3AA5A /* TimeFormatter.swift in Sources */,
				6AD042D7255DB6570093FD13 /* SceneDelegate.swift in Sources */,
			);
			runOnlyForDeploymentPostprocessing = 0;
		};
/* End PBXSourcesBuildPhase section */

/* Begin PBXVariantGroup section */
		6AD042DA255DB6570093FD13 /* Main.storyboard */ = {
			isa = PBXVariantGroup;
			children = (
				6AD042DB255DB6570093FD13 /* Base */,
			);
			name = Main.storyboard;
			sourceTree = "<group>";
		};
		6AD042DF255DB65B0093FD13 /* LaunchScreen.storyboard */ = {
			isa = PBXVariantGroup;
			children = (
				6AD042E0255DB65B0093FD13 /* Base */,
			);
			name = LaunchScreen.storyboard;
			sourceTree = "<group>";
		};
/* End PBXVariantGroup section */

/* Begin XCBuildConfiguration section */
		6AD042E3255DB65B0093FD13 /* Debug */ = {
			isa = XCBuildConfiguration;
			buildSettings = {
				ALWAYS_SEARCH_USER_PATHS = NO;
				CLANG_ANALYZER_NONNULL = YES;
				CLANG_ANALYZER_NUMBER_OBJECT_CONVERSION = YES_AGGRESSIVE;
				CLANG_CXX_LANGUAGE_STANDARD = "gnu++14";
				CLANG_CXX_LIBRARY = "libc++";
				CLANG_ENABLE_MODULES = YES;
				CLANG_ENABLE_OBJC_ARC = YES;
				CLANG_ENABLE_OBJC_WEAK = YES;
				CLANG_WARN_BLOCK_CAPTURE_AUTORELEASING = YES;
				CLANG_WARN_BOOL_CONVERSION = YES;
				CLANG_WARN_COMMA = YES;
				CLANG_WARN_CONSTANT_CONVERSION = YES;
				CLANG_WARN_DEPRECATED_OBJC_IMPLEMENTATIONS = YES;
				CLANG_WARN_DIRECT_OBJC_ISA_USAGE = YES_ERROR;
				CLANG_WARN_DOCUMENTATION_COMMENTS = YES;
				CLANG_WARN_EMPTY_BODY = YES;
				CLANG_WARN_ENUM_CONVERSION = YES;
				CLANG_WARN_INFINITE_RECURSION = YES;
				CLANG_WARN_INT_CONVERSION = YES;
				CLANG_WARN_NON_LITERAL_NULL_CONVERSION = YES;
				CLANG_WARN_OBJC_IMPLICIT_RETAIN_SELF = YES;
				CLANG_WARN_OBJC_LITERAL_CONVERSION = YES;
				CLANG_WARN_OBJC_ROOT_CLASS = YES_ERROR;
				CLANG_WARN_RANGE_LOOP_ANALYSIS = YES;
				CLANG_WARN_STRICT_PROTOTYPES = YES;
				CLANG_WARN_SUSPICIOUS_MOVE = YES;
				CLANG_WARN_UNGUARDED_AVAILABILITY = YES_AGGRESSIVE;
				CLANG_WARN_UNREACHABLE_CODE = YES;
				CLANG_WARN__DUPLICATE_METHOD_MATCH = YES;
				COPY_PHASE_STRIP = NO;
				DEBUG_INFORMATION_FORMAT = dwarf;
				ENABLE_STRICT_OBJC_MSGSEND = YES;
				ENABLE_TESTABILITY = YES;
				GCC_C_LANGUAGE_STANDARD = gnu11;
				GCC_DYNAMIC_NO_PIC = NO;
				GCC_NO_COMMON_BLOCKS = YES;
				GCC_OPTIMIZATION_LEVEL = 0;
				GCC_PREPROCESSOR_DEFINITIONS = (
					"DEBUG=1",
					"$(inherited)",
				);
				GCC_WARN_64_TO_32_BIT_CONVERSION = YES;
				GCC_WARN_ABOUT_RETURN_TYPE = YES_ERROR;
				GCC_WARN_UNDECLARED_SELECTOR = YES;
				GCC_WARN_UNINITIALIZED_AUTOS = YES_AGGRESSIVE;
				GCC_WARN_UNUSED_FUNCTION = YES;
				GCC_WARN_UNUSED_VARIABLE = YES;
				IPHONEOS_DEPLOYMENT_TARGET = 13.5;
				MTL_ENABLE_DEBUG_INFO = INCLUDE_SOURCE;
				MTL_FAST_MATH = YES;
				ONLY_ACTIVE_ARCH = YES;
				SDKROOT = iphoneos;
				SWIFT_ACTIVE_COMPILATION_CONDITIONS = DEBUG;
				SWIFT_OPTIMIZATION_LEVEL = "-Onone";
			};
			name = Debug;
		};
		6AD042E4255DB65B0093FD13 /* Release */ = {
			isa = XCBuildConfiguration;
			buildSettings = {
				ALWAYS_SEARCH_USER_PATHS = NO;
				CLANG_ANALYZER_NONNULL = YES;
				CLANG_ANALYZER_NUMBER_OBJECT_CONVERSION = YES_AGGRESSIVE;
				CLANG_CXX_LANGUAGE_STANDARD = "gnu++14";
				CLANG_CXX_LIBRARY = "libc++";
				CLANG_ENABLE_MODULES = YES;
				CLANG_ENABLE_OBJC_ARC = YES;
				CLANG_ENABLE_OBJC_WEAK = YES;
				CLANG_WARN_BLOCK_CAPTURE_AUTORELEASING = YES;
				CLANG_WARN_BOOL_CONVERSION = YES;
				CLANG_WARN_COMMA = YES;
				CLANG_WARN_CONSTANT_CONVERSION = YES;
				CLANG_WARN_DEPRECATED_OBJC_IMPLEMENTATIONS = YES;
				CLANG_WARN_DIRECT_OBJC_ISA_USAGE = YES_ERROR;
				CLANG_WARN_DOCUMENTATION_COMMENTS = YES;
				CLANG_WARN_EMPTY_BODY = YES;
				CLANG_WARN_ENUM_CONVERSION = YES;
				CLANG_WARN_INFINITE_RECURSION = YES;
				CLANG_WARN_INT_CONVERSION = YES;
				CLANG_WARN_NON_LITERAL_NULL_CONVERSION = YES;
				CLANG_WARN_OBJC_IMPLICIT_RETAIN_SELF = YES;
				CLANG_WARN_OBJC_LITERAL_CONVERSION = YES;
				CLANG_WARN_OBJC_ROOT_CLASS = YES_ERROR;
				CLANG_WARN_RANGE_LOOP_ANALYSIS = YES;
				CLANG_WARN_STRICT_PROTOTYPES = YES;
				CLANG_WARN_SUSPICIOUS_MOVE = YES;
				CLANG_WARN_UNGUARDED_AVAILABILITY = YES_AGGRESSIVE;
				CLANG_WARN_UNREACHABLE_CODE = YES;
				CLANG_WARN__DUPLICATE_METHOD_MATCH = YES;
				COPY_PHASE_STRIP = NO;
				DEBUG_INFORMATION_FORMAT = "dwarf-with-dsym";
				ENABLE_NS_ASSERTIONS = NO;
				ENABLE_STRICT_OBJC_MSGSEND = YES;
				GCC_C_LANGUAGE_STANDARD = gnu11;
				GCC_NO_COMMON_BLOCKS = YES;
				GCC_WARN_64_TO_32_BIT_CONVERSION = YES;
				GCC_WARN_ABOUT_RETURN_TYPE = YES_ERROR;
				GCC_WARN_UNDECLARED_SELECTOR = YES;
				GCC_WARN_UNINITIALIZED_AUTOS = YES_AGGRESSIVE;
				GCC_WARN_UNUSED_FUNCTION = YES;
				GCC_WARN_UNUSED_VARIABLE = YES;
				IPHONEOS_DEPLOYMENT_TARGET = 13.5;
				MTL_ENABLE_DEBUG_INFO = NO;
				MTL_FAST_MATH = YES;
				SDKROOT = iphoneos;
				SWIFT_COMPILATION_MODE = wholemodule;
				SWIFT_OPTIMIZATION_LEVEL = "-O";
				VALIDATE_PRODUCT = YES;
			};
			name = Release;
		};
		6AD042E6255DB65B0093FD13 /* Debug */ = {
			isa = XCBuildConfiguration;
			buildSettings = {
				ASSETCATALOG_COMPILER_APPICON_NAME = AppIcon;
				CODE_SIGN_STYLE = Automatic;
				INFOPLIST_FILE = Timer/Info.plist;
				LD_RUNPATH_SEARCH_PATHS = (
					"$(inherited)",
					"@executable_path/Frameworks",
				);
				PRODUCT_BUNDLE_IDENTIFIER = ru.cladendas.Timer;
				PRODUCT_NAME = "$(TARGET_NAME)";
				SWIFT_VERSION = 5.0;
				TARGETED_DEVICE_FAMILY = 1;
			};
			name = Debug;
		};
		6AD042E7255DB65B0093FD13 /* Release */ = {
			isa = XCBuildConfiguration;
			buildSettings = {
				ASSETCATALOG_COMPILER_APPICON_NAME = AppIcon;
				CODE_SIGN_STYLE = Automatic;
				INFOPLIST_FILE = Timer/Info.plist;
				LD_RUNPATH_SEARCH_PATHS = (
					"$(inherited)",
					"@executable_path/Frameworks",
				);
				PRODUCT_BUNDLE_IDENTIFIER = ru.cladendas.Timer;
				PRODUCT_NAME = "$(TARGET_NAME)";
				SWIFT_VERSION = 5.0;
				TARGETED_DEVICE_FAMILY = 1;
			};
			name = Release;
		};
/* End XCBuildConfiguration section */

/* Begin XCConfigurationList section */
		6AD042CC255DB6570093FD13 /* Build configuration list for PBXProject "Timer" */ = {
			isa = XCConfigurationList;
			buildConfigurations = (
				6AD042E3255DB65B0093FD13 /* Debug */,
				6AD042E4255DB65B0093FD13 /* Release */,
			);
			defaultConfigurationIsVisible = 0;
			defaultConfigurationName = Release;
		};
		6AD042E5255DB65B0093FD13 /* Build configuration list for PBXNativeTarget "Timer" */ = {
			isa = XCConfigurationList;
			buildConfigurations = (
				6AD042E6255DB65B0093FD13 /* Debug */,
				6AD042E7255DB65B0093FD13 /* Release */,
			);
			defaultConfigurationIsVisible = 0;
			defaultConfigurationName = Release;
		};
/* End XCConfigurationList section */
	};
	rootObject = 6AD042C9255DB6570093FD13 /* Project object */;
}
